
Microsoft Visual Studio Solution File, Format Version 12.00
# Visual Studio Version 17
VisualStudioVersion = 17.13.35919.96 d17.13
MinimumVisualStudioVersion = 10.0.40219.1
Project("{FAE04EC0-301F-11D3-BF4B-00C04F79EFBC}") = "BibliotecasSIG", "BibliotecasSIG\BibliotecasSIG.csproj", "{06B16967-50ED-44CC-A559-6120F2B8FD93}"
EndProject
Global
	GlobalSection(SolutionConfigurationPlatforms) = preSolution
		Debug|Any CPU = Debug|Any CPU
		Release|Any CPU = Release|Any CPU
	EndGlobalSection
	GlobalSection(ProjectConfigurationPlatforms) = postSolution
		{06B16967-50ED-44CC-A559-6120F2B8FD93}.Debug|Any CPU.ActiveCfg = Debug|Any CPU
		{06B16967-50ED-44CC-A559-6120F2B8FD93}.Debug|Any CPU.Build.0 = Debug|Any CPU
		{06B16967-50ED-44CC-A559-6120F2B8FD93}.Release|Any CPU.ActiveCfg = Release|Any CPU
		{06B16967-50ED-44CC-A559-6120F2B8FD93}.Release|Any CPU.Build.0 = Release|Any CPU
	EndGlobalSection
	GlobalSection(SolutionProperties) = preSolution
		HideSolutionNode = FALSE
	EndGlobalSection
	GlobalSection(ExtensibilityGlobals) = postSolution
		SolutionGuid = {54830AD8-B0AF-4993-95C9-9F5B96D85498}
	EndGlobalSection
EndGlobal
